// !$*UTF8*$!
{
 archiveVersion = 1;
 classes = {};
 objectVersion = 56;
 objects = {
  A00000000000000000000001 = {isa = PBXProject; attributes = {LastUpgradeCheck = 1600;}; buildConfigurationList = A00000000000000000000010; compatibilityVersion = "Xcode 14.0"; developmentRegion = es; hasScannedForEncodings = 0; knownRegions = (es, en, Base); mainGroup = A00000000000000000000002; packageReferences = (A00000000000000000000020); productRefGroup = A00000000000000000000003; projectDirPath = ""; projectRoot = ""; targets = (A00000000000000000000004);};
  A00000000000000000000002 = {isa = PBXGroup; children = (A00000000000000000000005, A00000000000000000000003); sourceTree = "<group>";};
  A00000000000000000000003 = {isa = PBXGroup; children = (A00000000000000000000006); name = Products; sourceTree = "<group>";};
  A00000000000000000000004 = {isa = PBXNativeTarget; buildConfigurationList = A00000000000000000000011; buildPhases = (A00000000000000000000007, A00000000000000000000008); buildRules = (); dependencies = (); name = Comprime; packageProductDependencies = (A00000000000000000000021); productName = Comprime; productReference = A00000000000000000000006; productType = "com.apple.product-type.application";};
  A00000000000000000000005 = {isa = PBXFileReference; lastKnownFileType = sourcecode.swift; path = Sources/Comprime/ComprimeApp.swift; sourceTree = "<group>";};
  A00000000000000000000006 = {isa = PBXFileReference; explicitFileType = wrapper.application; includeInIndex = 0; path = Comprime.app; sourceTree = BUILT_PRODUCTS_DIR;};
  A00000000000000000000007 = {isa = PBXSourcesBuildPhase; buildActionMask = 2147483647; files = (A00000000000000000000009); runOnlyForDeploymentPostprocessing = 0;};
  A00000000000000000000008 = {isa = PBXFrameworksBuildPhase; buildActionMask = 2147483647; files = (A00000000000000000000022); runOnlyForDeploymentPostprocessing = 0;};
  A00000000000000000000009 = {isa = PBXBuildFile; fileRef = A00000000000000000000005;};
  A00000000000000000000010 = {isa = XCConfigurationList; buildConfigurations = (A00000000000000000000012, A00000000000000000000013); defaultConfigurationIsVisible = 0; defaultConfigurationName = Release;};
  A00000000000000000000011 = {isa = XCConfigurationList; buildConfigurations = (A00000000000000000000014, A00000000000000000000015); defaultConfigurationIsVisible = 0; defaultConfigurationName = Release;};
  A00000000000000000000012 = {isa = XCBuildConfiguration; name = Debug; buildSettings = {MACOSX_DEPLOYMENT_TARGET = 14.0; SDKROOT = macosx; SWIFT_VERSION = 5.0; ARCHS = arm64;};};
  A00000000000000000000013 = {isa = XCBuildConfiguration; name = Release; buildSettings = {MACOSX_DEPLOYMENT_TARGET = 14.0; SDKROOT = macosx; SWIFT_VERSION = 5.0; ARCHS = arm64;};};
  A00000000000000000000014 = {isa = XCBuildConfiguration; name = Debug; buildSettings = {PRODUCT_BUNDLE_IDENTIFIER = local.comprime.beta; PRODUCT_NAME = "$(TARGET_NAME)"; GENERATE_INFOPLIST_FILE = YES; INFOPLIST_KEY_LSApplicationCategoryType = "public.app-category.photography"; MARKETING_VERSION = 0.1; CURRENT_PROJECT_VERSION = 1; CODE_SIGN_STYLE = Automatic; ENABLE_APP_SANDBOX = YES; ENABLE_USER_SELECTED_FILES = readonly; SWIFT_OPTIMIZATION_LEVEL = "-Onone";};};
  A00000000000000000000015 = {isa = XCBuildConfiguration; name = Release; buildSettings = {PRODUCT_BUNDLE_IDENTIFIER = local.comprime.beta; PRODUCT_NAME = "$(TARGET_NAME)"; GENERATE_INFOPLIST_FILE = YES; INFOPLIST_KEY_LSApplicationCategoryType = "public.app-category.photography"; MARKETING_VERSION = 0.1; CURRENT_PROJECT_VERSION = 1; CODE_SIGN_STYLE = Automatic; ENABLE_APP_SANDBOX = YES; ENABLE_USER_SELECTED_FILES = readonly; SWIFT_OPTIMIZATION_LEVEL = "-O";};};
  A00000000000000000000020 = {isa = XCLocalSwiftPackageReference; relativePath = .;};
  A00000000000000000000021 = {isa = XCSwiftPackageProductDependency; package = A00000000000000000000020; productName = ComprimeCore;};
  A00000000000000000000022 = {isa = PBXBuildFile; productRef = A00000000000000000000021;};
 };
 rootObject = A00000000000000000000001;
}
